// !$*UTF8*$!
{
	archiveVersion = 1;
	classes = {
	};
	objectVersion = 46;
	objects = {

/* Begin PBXBuildFile section */
		0B119BFC196AF94C00CC82E4 /* SwiftTestUtilities.swift in Sources */ = {isa = PBXBuildFile; fileRef = 0B119BFB196AF94C00CC82E4 /* SwiftTestUtilities.swift */; };
		0B1AD18D195CBBA8004E61DB /* Future.swift in Sources */ = {isa = PBXBuildFile; fileRef = 0B65E469195363FD00C6013A /* Future.swift */; };
		0B1AD18E195CBBAB004E61DB /* Promise.swift in Sources */ = {isa = PBXBuildFile; fileRef = 0B65E46B1953642300C6013A /* Promise.swift */; };
		0B1AD18F195CBBBF004E61DB /* Try.swift in Sources */ = {isa = PBXBuildFile; fileRef = 0B69E0A11958C0B3002CE96D /* Try.swift */; };
		0B1AD191195CC221004E61DB /* Future.swift in Sources */ = {isa = PBXBuildFile; fileRef = 0B65E469195363FD00C6013A /* Future.swift */; };
		0B1AD192195CC224004E61DB /* Promise.swift in Sources */ = {isa = PBXBuildFile; fileRef = 0B65E46B1953642300C6013A /* Promise.swift */; };
		0B1AD193195CC226004E61DB /* Scheduler.swift in Sources */ = {isa = PBXBuildFile; fileRef = 0B39C59019538CA20014C2DE /* Scheduler.swift */; };
		0B1AD194195CC228004E61DB /* LinkedList.swift in Sources */ = {isa = PBXBuildFile; fileRef = 0BDBC66F195CAB4700F79900 /* LinkedList.swift */; };
		0B1AD195195CC22A004E61DB /* Array+Functional.swift in Sources */ = {isa = PBXBuildFile; fileRef = 0BDA8EAE1952442C005760CF /* Array+Functional.swift */; };
		0B1AD196195CC22C004E61DB /* PartialFunction.swift in Sources */ = {isa = PBXBuildFile; fileRef = FC603922193E740D000538B1 /* PartialFunction.swift */; };
		0B1AD197195CC22E004E61DB /* Try.swift in Sources */ = {isa = PBXBuildFile; fileRef = 0B69E0A11958C0B3002CE96D /* Try.swift */; };
		0B1AD199195CC233004E61DB /* LinkedListTests.swift in Sources */ = {isa = PBXBuildFile; fileRef = 0B6083D2195CB3AB00FDA568 /* LinkedListTests.swift */; };
		0B1AD19B195CC239004E61DB /* TryTests.swift in Sources */ = {isa = PBXBuildFile; fileRef = 0B3C73A1195A0DC90019ADBA /* TryTests.swift */; };
		0B1AD19C195CC239004E61DB /* PartialFunctionTests.swift in Sources */ = {isa = PBXBuildFile; fileRef = FC2CDB171940E33600176A81 /* PartialFunctionTests.swift */; };
		0B1AD19D195CC239004E61DB /* PromiseTests.swift in Sources */ = {isa = PBXBuildFile; fileRef = 0B65E46419535E3100C6013A /* PromiseTests.swift */; };
		0B1AD19E195CC239004E61DB /* FutureTests.swift in Sources */ = {isa = PBXBuildFile; fileRef = 0B39C58E1953766D0014C2DE /* FutureTests.swift */; };
		0B31693619634E2500BC1C62 /* CallbackNotification.swift in Sources */ = {isa = PBXBuildFile; fileRef = 0BC26D4819634A520033ECE0 /* CallbackNotification.swift */; };
		0B31693719634E2600BC1C62 /* CallbackNotification.swift in Sources */ = {isa = PBXBuildFile; fileRef = 0BC26D4819634A520033ECE0 /* CallbackNotification.swift */; };
		0B31693819634E2900BC1C62 /* Awaitable.swift in Sources */ = {isa = PBXBuildFile; fileRef = 0BC26D45196320BB0033ECE0 /* Awaitable.swift */; };
		0B39C59119538CA20014C2DE /* Scheduler.swift in Sources */ = {isa = PBXBuildFile; fileRef = 0B39C59019538CA20014C2DE /* Scheduler.swift */; };
		0B4418BE1964953A00BF7BFA /* ExecutableTests.swift in Sources */ = {isa = PBXBuildFile; fileRef = 0B4418BD1964953A00BF7BFA /* ExecutableTests.swift */; };
		0B4418C01964955E00BF7BFA /* Array+FunctionalTests.swift in Sources */ = {isa = PBXBuildFile; fileRef = 0B4418BF1964955E00BF7BFA /* Array+FunctionalTests.swift */; };
		0B6933751954A1EE004837D2 /* Log.swift in Sources */ = {isa = PBXBuildFile; fileRef = 0BD34F931954821400460556 /* Log.swift */; };
		0BC26D411961EA5D0033ECE0 /* Executable.swift in Sources */ = {isa = PBXBuildFile; fileRef = 0BC26D401961EA5D0033ECE0 /* Executable.swift */; };
		0BC26D421961EA5D0033ECE0 /* Executable.swift in Sources */ = {isa = PBXBuildFile; fileRef = 0BC26D401961EA5D0033ECE0 /* Executable.swift */; };
		0BC26D471963261F0033ECE0 /* Awaitable.swift in Sources */ = {isa = PBXBuildFile; fileRef = 0BC26D45196320BB0033ECE0 /* Awaitable.swift */; };
		0BD34F941954821400460556 /* Log.swift in Sources */ = {isa = PBXBuildFile; fileRef = 0BD34F931954821400460556 /* Log.swift */; };
		0BDA8EAF1952442C005760CF /* Array+Functional.swift in Sources */ = {isa = PBXBuildFile; fileRef = 0BDA8EAE1952442C005760CF /* Array+Functional.swift */; };
		0BDBC670195CAB4700F79900 /* LinkedList.swift in Sources */ = {isa = PBXBuildFile; fileRef = 0BDBC66F195CAB4700F79900 /* LinkedList.swift */; };
		FC603923193E740D000538B1 /* PartialFunction.swift in Sources */ = {isa = PBXBuildFile; fileRef = FC603922193E740D000538B1 /* PartialFunction.swift */; };
		FC7A0EC1193E72710045F66D /* Swifter.h in Headers */ = {isa = PBXBuildFile; fileRef = FC7A0EC0193E72710045F66D /* Swifter.h */; settings = {ATTRIBUTES = (Public, ); }; };
		FC7A0EC7193E72710045F66D /* Swifter.framework in Frameworks */ = {isa = PBXBuildFile; fileRef = FC7A0EBB193E72710045F66D /* Swifter.framework */; };
/* End PBXBuildFile section */

/* Begin PBXContainerItemProxy section */
		FC7A0EC8193E72710045F66D /* PBXContainerItemProxy */ = {
			isa = PBXContainerItemProxy;
			containerPortal = FC7A0EB2193E72710045F66D /* Project object */;
			proxyType = 1;
			remoteGlobalIDString = FC7A0EBA193E72710045F66D;
			remoteInfo = Swifter;
		};
/* End PBXContainerItemProxy section */

/* Begin PBXFileReference section */
		0B119BFB196AF94C00CC82E4 /* SwiftTestUtilities.swift */ = {isa = PBXFileReference; fileEncoding = 4; lastKnownFileType = sourcecode.swift; path = SwiftTestUtilities.swift; sourceTree = "<group>"; };
		0B39C58E1953766D0014C2DE /* FutureTests.swift */ = {isa = PBXFileReference; fileEncoding = 4; lastKnownFileType = sourcecode.swift; path = FutureTests.swift; sourceTree = "<group>"; };
		0B39C59019538CA20014C2DE /* Scheduler.swift */ = {isa = PBXFileReference; fileEncoding = 4; lastKnownFileType = sourcecode.swift; name = Scheduler.swift; path = Swifter/Scheduler.swift; sourceTree = "<group>"; };
		0B3C73A1195A0DC90019ADBA /* TryTests.swift */ = {isa = PBXFileReference; fileEncoding = 4; lastKnownFileType = sourcecode.swift; path = TryTests.swift; sourceTree = "<group>"; };
		0B4418BC1964951700BF7BFA /* PartialFunctionPlayground.playground */ = {isa = PBXFileReference; lastKnownFileType = file.playground; path = PartialFunctionPlayground.playground; sourceTree = "<group>"; };
		0B4418BD1964953A00BF7BFA /* ExecutableTests.swift */ = {isa = PBXFileReference; fileEncoding = 4; lastKnownFileType = sourcecode.swift; path = ExecutableTests.swift; sourceTree = "<group>"; };
		0B4418BF1964955E00BF7BFA /* Array+FunctionalTests.swift */ = {isa = PBXFileReference; fileEncoding = 4; lastKnownFileType = sourcecode.swift; path = "Array+FunctionalTests.swift"; sourceTree = "<group>"; };
		0B6083D2195CB3AB00FDA568 /* LinkedListTests.swift */ = {isa = PBXFileReference; fileEncoding = 4; lastKnownFileType = sourcecode.swift; path = LinkedListTests.swift; sourceTree = "<group>"; };
		0B65E46419535E3100C6013A /* PromiseTests.swift */ = {isa = PBXFileReference; fileEncoding = 4; lastKnownFileType = sourcecode.swift; path = PromiseTests.swift; sourceTree = "<group>"; };
		0B65E469195363FD00C6013A /* Future.swift */ = {isa = PBXFileReference; fileEncoding = 4; lastKnownFileType = sourcecode.swift; name = Future.swift; path = Swifter/Future.swift; sourceTree = "<group>"; };
		0B65E46B1953642300C6013A /* Promise.swift */ = {isa = PBXFileReference; fileEncoding = 4; lastKnownFileType = sourcecode.swift; name = Promise.swift; path = Swifter/Promise.swift; sourceTree = "<group>"; };
		0B69E0A11958C0B3002CE96D /* Try.swift */ = {isa = PBXFileReference; fileEncoding = 4; lastKnownFileType = sourcecode.swift; path = Try.swift; sourceTree = "<group>"; };
		0BC26D401961EA5D0033ECE0 /* Executable.swift */ = {isa = PBXFileReference; fileEncoding = 4; lastKnownFileType = sourcecode.swift; name = Executable.swift; path = Swifter/Executable.swift; sourceTree = "<group>"; };
		0BC26D45196320BB0033ECE0 /* Awaitable.swift */ = {isa = PBXFileReference; fileEncoding = 4; lastKnownFileType = sourcecode.swift; name = Awaitable.swift; path = Swifter/Awaitable.swift; sourceTree = "<group>"; };
		0BC26D4819634A520033ECE0 /* CallbackNotification.swift */ = {isa = PBXFileReference; fileEncoding = 4; lastKnownFileType = sourcecode.swift; name = CallbackNotification.swift; path = Swifter/CallbackNotification.swift; sourceTree = "<group>"; };
		0BD34F931954821400460556 /* Log.swift */ = {isa = PBXFileReference; fileEncoding = 4; lastKnownFileType = sourcecode.swift; name = Log.swift; path = Swifter/Log.swift; sourceTree = "<group>"; };
		0BDA8EAE1952442C005760CF /* Array+Functional.swift */ = {isa = PBXFileReference; fileEncoding = 4; lastKnownFileType = sourcecode.swift; path = "Array+Functional.swift"; sourceTree = "<group>"; };
		0BDBC66F195CAB4700F79900 /* LinkedList.swift */ = {isa = PBXFileReference; fileEncoding = 4; lastKnownFileType = sourcecode.swift; path = LinkedList.swift; sourceTree = "<group>"; };
		FC2CDB171940E33600176A81 /* PartialFunctionTests.swift */ = {isa = PBXFileReference; fileEncoding = 4; lastKnownFileType = sourcecode.swift; path = PartialFunctionTests.swift; sourceTree = "<group>"; };
		FC603922193E740D000538B1 /* PartialFunction.swift */ = {isa = PBXFileReference; fileEncoding = 4; lastKnownFileType = sourcecode.swift; path = PartialFunction.swift; sourceTree = "<group>"; };
		FC7A0EBB193E72710045F66D /* Swifter.framework */ = {isa = PBXFileReference; explicitFileType = wrapper.framework; includeInIndex = 0; path = Swifter.framework; sourceTree = BUILT_PRODUCTS_DIR; };
		FC7A0EBF193E72710045F66D /* Info.plist */ = {isa = PBXFileReference; lastKnownFileType = text.plist.xml; path = Info.plist; sourceTree = "<group>"; };
		FC7A0EC0193E72710045F66D /* Swifter.h */ = {isa = PBXFileReference; lastKnownFileType = sourcecode.c.h; path = Swifter.h; sourceTree = "<group>"; };
		FC7A0EC6193E72710045F66D /* SwifterTests.xctest */ = {isa = PBXFileReference; explicitFileType = wrapper.cfbundle; includeInIndex = 0; path = SwifterTests.xctest; sourceTree = BUILT_PRODUCTS_DIR; };
		FC7A0ECC193E72710045F66D /* Info.plist */ = {isa = PBXFileReference; lastKnownFileType = text.plist.xml; path = Info.plist; sourceTree = "<group>"; };
/* End PBXFileReference section */

/* Begin PBXFrameworksBuildPhase section */
		FC7A0EB7193E72710045F66D /* Frameworks */ = {
			isa = PBXFrameworksBuildPhase;
			buildActionMask = 2147483647;
			files = (
			);
			runOnlyForDeploymentPostprocessing = 0;
		};
		FC7A0EC3193E72710045F66D /* Frameworks */ = {
			isa = PBXFrameworksBuildPhase;
			buildActionMask = 2147483647;
			files = (
				FC7A0EC7193E72710045F66D /* Swifter.framework in Frameworks */,
			);
			runOnlyForDeploymentPostprocessing = 0;
		};
/* End PBXFrameworksBuildPhase section */

/* Begin PBXGroup section */
		0B191EFD1953367F007C6715 /* Utility */ = {
			isa = PBXGroup;
			children = (
				0BDA8EAE1952442C005760CF /* Array+Functional.swift */,
				0BDBC66F195CAB4700F79900 /* LinkedList.swift */,
				FC603922193E740D000538B1 /* PartialFunction.swift */,
				0B69E0A11958C0B3002CE96D /* Try.swift */,
			);
			name = Utility;
			sourceTree = "<group>";
		};
		0B4418B819648CCF00BF7BFA /* Concurrency */ = {
			isa = PBXGroup;
			children = (
				0B4418BD1964953A00BF7BFA /* ExecutableTests.swift */,
				0B39C58E1953766D0014C2DE /* FutureTests.swift */,
				0B65E46419535E3100C6013A /* PromiseTests.swift */,
			);
			name = Concurrency;
			sourceTree = "<group>";
		};
		0B4418B919648CDA00BF7BFA /* Utility */ = {
			isa = PBXGroup;
			children = (
				0B4418BF1964955E00BF7BFA /* Array+FunctionalTests.swift */,
				0B6083D2195CB3AB00FDA568 /* LinkedListTests.swift */,
				FC2CDB171940E33600176A81 /* PartialFunctionTests.swift */,
				0B4418BC1964951700BF7BFA /* PartialFunctionPlayground.playground */,
				0B3C73A1195A0DC90019ADBA /* TryTests.swift */,
			);
			name = Utility;
			sourceTree = "<group>";
		};
		0BDF8B1F19535927009E1B01 /* Concurrency */ = {
			isa = PBXGroup;
			children = (
				0BC26D45196320BB0033ECE0 /* Awaitable.swift */,
				0BC26D4819634A520033ECE0 /* CallbackNotification.swift */,
				0BC26D401961EA5D0033ECE0 /* Executable.swift */,
				0B65E469195363FD00C6013A /* Future.swift */,
				0B65E46B1953642300C6013A /* Promise.swift */,
				0B39C59019538CA20014C2DE /* Scheduler.swift */,
			);
			name = Concurrency;
			path = ..;
			sourceTree = "<group>";
		};
		FC7A0EB1193E72710045F66D = {
			isa = PBXGroup;
			children = (
				0BD34F931954821400460556 /* Log.swift */,
				FC7A0EBD193E72710045F66D /* Swifter */,
				FC7A0ECA193E72710045F66D /* SwifterTests */,
				FC7A0EBC193E72710045F66D /* Products */,
			);
			sourceTree = "<group>";
		};
		FC7A0EBC193E72710045F66D /* Products */ = {
			isa = PBXGroup;
			children = (
				FC7A0EBB193E72710045F66D /* Swifter.framework */,
				FC7A0EC6193E72710045F66D /* SwifterTests.xctest */,
			);
			name = Products;
			sourceTree = "<group>";
		};
		FC7A0EBD193E72710045F66D /* Swifter */ = {
			isa = PBXGroup;
			children = (
				FC7A0EC0193E72710045F66D /* Swifter.h */,
				0BDF8B1F19535927009E1B01 /* Concurrency */,
				0B191EFD1953367F007C6715 /* Utility */,
				FC7A0EBE193E72710045F66D /* Supporting Files */,
			);
			path = Swifter;
			sourceTree = "<group>";
		};
		FC7A0EBE193E72710045F66D /* Supporting Files */ = {
			isa = PBXGroup;
			children = (
				FC7A0EBF193E72710045F66D /* Info.plist */,
			);
			name = "Supporting Files";
			sourceTree = "<group>";
		};
		FC7A0ECA193E72710045F66D /* SwifterTests */ = {
			isa = PBXGroup;
			children = (
				0B119BFB196AF94C00CC82E4 /* SwiftTestUtilities.swift */,
				0B4418B819648CCF00BF7BFA /* Concurrency */,
				0B4418B919648CDA00BF7BFA /* Utility */,
				FC7A0ECB193E72710045F66D /* Supporting Files */,
			);
			path = SwifterTests;
			sourceTree = "<group>";
		};
		FC7A0ECB193E72710045F66D /* Supporting Files */ = {
			isa = PBXGroup;
			children = (
				FC7A0ECC193E72710045F66D /* Info.plist */,
			);
			name = "Supporting Files";
			sourceTree = "<group>";
		};
/* End PBXGroup section */

/* Begin PBXHeadersBuildPhase section */
		FC7A0EB8193E72710045F66D /* Headers */ = {
			isa = PBXHeadersBuildPhase;
			buildActionMask = 2147483647;
			files = (
				FC7A0EC1193E72710045F66D /* Swifter.h in Headers */,
			);
			runOnlyForDeploymentPostprocessing = 0;
		};
/* End PBXHeadersBuildPhase section */

/* Begin PBXNativeTarget section */
		FC7A0EBA193E72710045F66D /* Swifter */ = {
			isa = PBXNativeTarget;
			buildConfigurationList = FC7A0ED1193E72710045F66D /* Build configuration list for PBXNativeTarget "Swifter" */;
			buildPhases = (
				FC7A0EB6193E72710045F66D /* Sources */,
				FC7A0EB7193E72710045F66D /* Frameworks */,
				FC7A0EB8193E72710045F66D /* Headers */,
				FC7A0EB9193E72710045F66D /* Resources */,
			);
			buildRules = (
			);
			dependencies = (
			);
			name = Swifter;
			productName = Swifter;
			productReference = FC7A0EBB193E72710045F66D /* Swifter.framework */;
			productType = "com.apple.product-type.framework";
		};
		FC7A0EC5193E72710045F66D /* SwifterTests */ = {
			isa = PBXNativeTarget;
			buildConfigurationList = FC7A0ED4193E72710045F66D /* Build configuration list for PBXNativeTarget "SwifterTests" */;
			buildPhases = (
				FC7A0EC2193E72710045F66D /* Sources */,
				FC7A0EC3193E72710045F66D /* Frameworks */,
				FC7A0EC4193E72710045F66D /* Resources */,
			);
			buildRules = (
			);
			dependencies = (
				FC7A0EC9193E72710045F66D /* PBXTargetDependency */,
			);
			name = SwifterTests;
			productName = SwifterTests;
			productReference = FC7A0EC6193E72710045F66D /* SwifterTests.xctest */;
			productType = "com.apple.product-type.bundle.unit-test";
		};
/* End PBXNativeTarget section */

/* Begin PBXProject section */
		FC7A0EB2193E72710045F66D /* Project object */ = {
			isa = PBXProject;
			attributes = {
				LastUpgradeCheck = 0600;
				ORGANIZATIONNAME = "Yahoo!";
				TargetAttributes = {
					FC7A0EBA193E72710045F66D = {
						CreatedOnToolsVersion = 6.0;
					};
					FC7A0EC5193E72710045F66D = {
						CreatedOnToolsVersion = 6.0;
						TestTargetID = FC7A0EBA193E72710045F66D;
					};
				};
			};
			buildConfigurationList = FC7A0EB5193E72710045F66D /* Build configuration list for PBXProject "Swifter" */;
			compatibilityVersion = "Xcode 3.2";
			developmentRegion = English;
			hasScannedForEncodings = 0;
			knownRegions = (
				en,
			);
			mainGroup = FC7A0EB1193E72710045F66D;
			productRefGroup = FC7A0EBC193E72710045F66D /* Products */;
			projectDirPath = "";
			projectRoot = "";
			targets = (
				FC7A0EBA193E72710045F66D /* Swifter */,
				FC7A0EC5193E72710045F66D /* SwifterTests */,
			);
		};
/* End PBXProject section */

/* Begin PBXResourcesBuildPhase section */
		FC7A0EB9193E72710045F66D /* Resources */ = {
			isa = PBXResourcesBuildPhase;
			buildActionMask = 2147483647;
			files = (
			);
			runOnlyForDeploymentPostprocessing = 0;
		};
		FC7A0EC4193E72710045F66D /* Resources */ = {
			isa = PBXResourcesBuildPhase;
			buildActionMask = 2147483647;
			files = (
			);
			runOnlyForDeploymentPostprocessing = 0;
		};
/* End PBXResourcesBuildPhase section */

/* Begin PBXSourcesBuildPhase section */
		FC7A0EB6193E72710045F66D /* Sources */ = {
			isa = PBXSourcesBuildPhase;
			buildActionMask = 2147483647;
			files = (
				0BDA8EAF1952442C005760CF /* Array+Functional.swift in Sources */,
				0B1AD18D195CBBA8004E61DB /* Future.swift in Sources */,
				0BC26D471963261F0033ECE0 /* Awaitable.swift in Sources */,
				0BDBC670195CAB4700F79900 /* LinkedList.swift in Sources */,
				0B31693619634E2500BC1C62 /* CallbackNotification.swift in Sources */,
				FC603923193E740D000538B1 /* PartialFunction.swift in Sources */,
				0B39C59119538CA20014C2DE /* Scheduler.swift in Sources */,
				0B1AD18F195CBBBF004E61DB /* Try.swift in Sources */,
				0BD34F941954821400460556 /* Log.swift in Sources */,
				0B1AD18E195CBBAB004E61DB /* Promise.swift in Sources */,
				0BC26D411961EA5D0033ECE0 /* Executable.swift in Sources */,
			);
			runOnlyForDeploymentPostprocessing = 0;
		};
		FC7A0EC2193E72710045F66D /* Sources */ = {
			isa = PBXSourcesBuildPhase;
			buildActionMask = 2147483647;
			files = (
				0B1AD191195CC221004E61DB /* Future.swift in Sources */,
				0B1AD196195CC22C004E61DB /* PartialFunction.swift in Sources */,
				0B1AD193195CC226004E61DB /* Scheduler.swift in Sources */,
				0BC26D421961EA5D0033ECE0 /* Executable.swift in Sources */,
				0B4418C01964955E00BF7BFA /* Array+FunctionalTests.swift in Sources */,
				0B31693819634E2900BC1C62 /* Awaitable.swift in Sources */,
				0B1AD19E195CC239004E61DB /* FutureTests.swift in Sources */,
				0B31693719634E2600BC1C62 /* CallbackNotification.swift in Sources */,
				0B1AD197195CC22E004E61DB /* Try.swift in Sources */,
				0B1AD195195CC22A004E61DB /* Array+Functional.swift in Sources */,
				0B1AD19D195CC239004E61DB /* PromiseTests.swift in Sources */,
				0B1AD199195CC233004E61DB /* LinkedListTests.swift in Sources */,
				0B1AD194195CC228004E61DB /* LinkedList.swift in Sources */,
				0B6933751954A1EE004837D2 /* Log.swift in Sources */,
				0B1AD19C195CC239004E61DB /* PartialFunctionTests.swift in Sources */,
				0B119BFC196AF94C00CC82E4 /* SwiftTestUtilities.swift in Sources */,
				0B1AD192195CC224004E61DB /* Promise.swift in Sources */,
				0B1AD19B195CC239004E61DB /* TryTests.swift in Sources */,
				0B4418BE1964953A00BF7BFA /* ExecutableTests.swift in Sources */,
			);
			runOnlyForDeploymentPostprocessing = 0;
		};
/* End PBXSourcesBuildPhase section */

/* Begin PBXTargetDependency section */
		FC7A0EC9193E72710045F66D /* PBXTargetDependency */ = {
			isa = PBXTargetDependency;
			target = FC7A0EBA193E72710045F66D /* Swifter */;
			targetProxy = FC7A0EC8193E72710045F66D /* PBXContainerItemProxy */;
		};
/* End PBXTargetDependency section */

/* Begin XCBuildConfiguration section */
		0BD34F901954817500460556 /* Logging */ = {
			isa = XCBuildConfiguration;
			buildSettings = {
				ALWAYS_SEARCH_USER_PATHS = NO;
				CLANG_CXX_LANGUAGE_STANDARD = "gnu++0x";
				CLANG_CXX_LIBRARY = "libc++";
				CLANG_ENABLE_MODULES = YES;
				CLANG_ENABLE_OBJC_ARC = YES;
				CLANG_WARN_BOOL_CONVERSION = YES;
				CLANG_WARN_CONSTANT_CONVERSION = YES;
				CLANG_WARN_DIRECT_OBJC_ISA_USAGE = YES_ERROR;
				CLANG_WARN_EMPTY_BODY = YES;
				CLANG_WARN_ENUM_CONVERSION = YES;
				CLANG_WARN_INT_CONVERSION = YES;
				CLANG_WARN_OBJC_ROOT_CLASS = YES_ERROR;
				CLANG_WARN_UNREACHABLE_CODE = YES;
				CLANG_WARN__DUPLICATE_METHOD_MATCH = YES;
				"CODE_SIGN_IDENTITY[sdk=iphoneos*]" = "iPhone Developer";
				COPY_PHASE_STRIP = NO;
				CURRENT_PROJECT_VERSION = 1;
				ENABLE_STRICT_OBJC_MSGSEND = YES;
				GCC_C_LANGUAGE_STANDARD = gnu99;
				GCC_DYNAMIC_NO_PIC = NO;
				GCC_OPTIMIZATION_LEVEL = 0;
				GCC_PREPROCESSOR_DEFINITIONS = (
					"LOGGING=1",
					"$(inherited)",
				);
				GCC_SYMBOLS_PRIVATE_EXTERN = NO;
				GCC_WARN_64_TO_32_BIT_CONVERSION = YES;
				GCC_WARN_ABOUT_RETURN_TYPE = YES_ERROR;
				GCC_WARN_UNDECLARED_SELECTOR = YES;
				GCC_WARN_UNINITIALIZED_AUTOS = YES_AGGRESSIVE;
				GCC_WARN_UNUSED_FUNCTION = YES;
				GCC_WARN_UNUSED_VARIABLE = YES;
				IPHONEOS_DEPLOYMENT_TARGET = 8.0;
				METAL_ENABLE_DEBUG_INFO = YES;
				ONLY_ACTIVE_ARCH = YES;
				OTHER_SWIFT_FLAGS = "";
				SDKROOT = iphoneos;
				SWIFT_OPTIMIZATION_LEVEL = "-Onone";
				TARGETED_DEVICE_FAMILY = "1,2";
				VERSIONING_SYSTEM = "apple-generic";
				VERSION_INFO_PREFIX = "";
			};
			name = Logging;
		};
		0BD34F911954817500460556 /* Logging */ = {
			isa = XCBuildConfiguration;
			buildSettings = {
				CLANG_ENABLE_MODULES = YES;
				DEFINES_MODULE = YES;
				DYLIB_COMPATIBILITY_VERSION = 1;
				DYLIB_CURRENT_VERSION = 1;
				DYLIB_INSTALL_NAME_BASE = "@rpath";
				INFOPLIST_FILE = Swifter/Info.plist;
				INSTALL_PATH = "$(LOCAL_LIBRARY_DIR)/Frameworks";
				LD_RUNPATH_SEARCH_PATHS = "$(inherited) @executable_path/Frameworks @loader_path/Frameworks";
				PRODUCT_NAME = "$(TARGET_NAME)";
				SKIP_INSTALL = YES;
				SWIFT_OPTIMIZATION_LEVEL = "-Onone";
			};
			name = Logging;
		};
		0BD34F921954817500460556 /* Logging */ = {
			isa = XCBuildConfiguration;
			buildSettings = {
				FRAMEWORK_SEARCH_PATHS = (
					"$(SDKROOT)/Developer/Library/Frameworks",
					"$(inherited)",
				);
				GCC_PREPROCESSOR_DEFINITIONS = (
					"DEBUG=1",
					"$(inherited)",
				);
				INFOPLIST_FILE = SwifterTests/Info.plist;
				LD_RUNPATH_SEARCH_PATHS = "$(inherited) @executable_path/Frameworks @loader_path/Frameworks";
				METAL_ENABLE_DEBUG_INFO = YES;
				PRODUCT_NAME = "$(TARGET_NAME)";
			};
			name = Logging;
		};
		FC7A0ECF193E72710045F66D /* Debug */ = {
			isa = XCBuildConfiguration;
			buildSettings = {
				ALWAYS_SEARCH_USER_PATHS = NO;
				CLANG_CXX_LANGUAGE_STANDARD = "gnu++0x";
				CLANG_CXX_LIBRARY = "libc++";
				CLANG_ENABLE_MODULES = YES;
				CLANG_ENABLE_OBJC_ARC = YES;
				CLANG_WARN_BOOL_CONVERSION = YES;
				CLANG_WARN_CONSTANT_CONVERSION = YES;
				CLANG_WARN_DIRECT_OBJC_ISA_USAGE = YES_ERROR;
				CLANG_WARN_EMPTY_BODY = YES;
				CLANG_WARN_ENUM_CONVERSION = YES;
				CLANG_WARN_INT_CONVERSION = YES;
				CLANG_WARN_OBJC_ROOT_CLASS = YES_ERROR;
				CLANG_WARN_UNREACHABLE_CODE = YES;
				CLANG_WARN__DUPLICATE_METHOD_MATCH = YES;
				"CODE_SIGN_IDENTITY[sdk=iphoneos*]" = "iPhone Developer";
				COPY_PHASE_STRIP = NO;
				CURRENT_PROJECT_VERSION = 1;
				ENABLE_STRICT_OBJC_MSGSEND = YES;
				GCC_C_LANGUAGE_STANDARD = gnu99;
				GCC_DYNAMIC_NO_PIC = NO;
				GCC_OPTIMIZATION_LEVEL = 0;
				GCC_PREPROCESSOR_DEFINITIONS = (
					"DEBUG=1",
					"$(inherited)",
				);
				GCC_SYMBOLS_PRIVATE_EXTERN = NO;
				GCC_WARN_64_TO_32_BIT_CONVERSION = YES;
				GCC_WARN_ABOUT_RETURN_TYPE = YES_ERROR;
				GCC_WARN_UNDECLARED_SELECTOR = YES;
				GCC_WARN_UNINITIALIZED_AUTOS = YES_AGGRESSIVE;
				GCC_WARN_UNUSED_FUNCTION = YES;
				GCC_WARN_UNUSED_VARIABLE = YES;
				IPHONEOS_DEPLOYMENT_TARGET = 8.0;
				METAL_ENABLE_DEBUG_INFO = YES;
				ONLY_ACTIVE_ARCH = YES;
				"OTHER_SWIFT_FLAGS[arch=*]" = "-DDEBUG";
				SDKROOT = iphoneos;
				SWIFT_OPTIMIZATION_LEVEL = "-Onone";
				TARGETED_DEVICE_FAMILY = "1,2";
				VERSIONING_SYSTEM = "apple-generic";
				VERSION_INFO_PREFIX = "";
			};
			name = Debug;
		};
		FC7A0ED0193E72710045F66D /* Release */ = {
			isa = XCBuildConfiguration;
			buildSettings = {
				ALWAYS_SEARCH_USER_PATHS = NO;
				CLANG_CXX_LANGUAGE_STANDARD = "gnu++0x";
				CLANG_CXX_LIBRARY = "libc++";
				CLANG_ENABLE_MODULES = YES;
				CLANG_ENABLE_OBJC_ARC = YES;
				CLANG_WARN_BOOL_CONVERSION = YES;
				CLANG_WARN_CONSTANT_CONVERSION = YES;
				CLANG_WARN_DIRECT_OBJC_ISA_USAGE = YES_ERROR;
				CLANG_WARN_EMPTY_BODY = YES;
				CLANG_WARN_ENUM_CONVERSION = YES;
				CLANG_WARN_INT_CONVERSION = YES;
				CLANG_WARN_OBJC_ROOT_CLASS = YES_ERROR;
				CLANG_WARN_UNREACHABLE_CODE = YES;
				CLANG_WARN__DUPLICATE_METHOD_MATCH = YES;
				"CODE_SIGN_IDENTITY[sdk=iphoneos*]" = "iPhone Developer";
				COPY_PHASE_STRIP = YES;
				CURRENT_PROJECT_VERSION = 1;
				ENABLE_NS_ASSERTIONS = NO;
				ENABLE_STRICT_OBJC_MSGSEND = YES;
				GCC_C_LANGUAGE_STANDARD = gnu99;
				GCC_WARN_64_TO_32_BIT_CONVERSION = YES;
				GCC_WARN_ABOUT_RETURN_TYPE = YES_ERROR;
				GCC_WARN_UNDECLARED_SELECTOR = YES;
				GCC_WARN_UNINITIALIZED_AUTOS = YES_AGGRESSIVE;
				GCC_WARN_UNUSED_FUNCTION = YES;
				GCC_WARN_UNUSED_VARIABLE = YES;
				IPHONEOS_DEPLOYMENT_TARGET = 8.0;
				METAL_ENABLE_DEBUG_INFO = NO;
				SDKROOT = iphoneos;
				TARGETED_DEVICE_FAMILY = "1,2";
				VALIDATE_PRODUCT = YES;
				VERSIONING_SYSTEM = "apple-generic";
				VERSION_INFO_PREFIX = "";
			};
			name = Release;
		};
		FC7A0ED2193E72710045F66D /* Debug */ = {
			isa = XCBuildConfiguration;
			buildSettings = {
				CLANG_ENABLE_MODULES = YES;
				DEFINES_MODULE = YES;
				DYLIB_COMPATIBILITY_VERSION = 1;
				DYLIB_CURRENT_VERSION = 1;
				DYLIB_INSTALL_NAME_BASE = "@rpath";
				INFOPLIST_FILE = Swifter/Info.plist;
				INSTALL_PATH = "$(LOCAL_LIBRARY_DIR)/Frameworks";
				LD_RUNPATH_SEARCH_PATHS = "$(inherited) @executable_path/Frameworks @loader_path/Frameworks";
				PRODUCT_NAME = "$(TARGET_NAME)";
				SKIP_INSTALL = YES;
				SWIFT_OPTIMIZATION_LEVEL = "-Onone";
			};
			name = Debug;
		};
		FC7A0ED3193E72710045F66D /* Release */ = {
			isa = XCBuildConfiguration;
			buildSettings = {
				CLANG_ENABLE_MODULES = YES;
				DEFINES_MODULE = YES;
				DYLIB_COMPATIBILITY_VERSION = 1;
				DYLIB_CURRENT_VERSION = 1;
				DYLIB_INSTALL_NAME_BASE = "@rpath";
				INFOPLIST_FILE = Swifter/Info.plist;
				INSTALL_PATH = "$(LOCAL_LIBRARY_DIR)/Frameworks";
				LD_RUNPATH_SEARCH_PATHS = "$(inherited) @executable_path/Frameworks @loader_path/Frameworks";
				PRODUCT_NAME = "$(TARGET_NAME)";
				SKIP_INSTALL = YES;
			};
			name = Release;
		};
		FC7A0ED5193E72710045F66D /* Debug */ = {
			isa = XCBuildConfiguration;
			buildSettings = {
				FRAMEWORK_SEARCH_PATHS = (
					"$(SDKROOT)/Developer/Library/Frameworks",
					"$(inherited)",
				);
				GCC_PREPROCESSOR_DEFINITIONS = (
					"DEBUG=1",
					"$(inherited)",
				);
				INFOPLIST_FILE = SwifterTests/Info.plist;
				LD_RUNPATH_SEARCH_PATHS = "$(inherited) @executable_path/Frameworks @loader_path/Frameworks";
				METAL_ENABLE_DEBUG_INFO = YES;
				PRODUCT_NAME = "$(TARGET_NAME)";
			};
			name = Debug;
		};
		FC7A0ED6193E72710045F66D /* Release */ = {
			isa = XCBuildConfiguration;
			buildSettings = {
				FRAMEWORK_SEARCH_PATHS = (
					"$(SDKROOT)/Developer/Library/Frameworks",
					"$(inherited)",
				);
				INFOPLIST_FILE = SwifterTests/Info.plist;
				LD_RUNPATH_SEARCH_PATHS = "$(inherited) @executable_path/Frameworks @loader_path/Frameworks";
				METAL_ENABLE_DEBUG_INFO = NO;
				PRODUCT_NAME = "$(TARGET_NAME)";
			};
			name = Release;
		};
/* End XCBuildConfiguration section */

/* Begin XCConfigurationList section */
		FC7A0EB5193E72710045F66D /* Build configuration list for PBXProject "Swifter" */ = {
			isa = XCConfigurationList;
			buildConfigurations = (
				FC7A0ECF193E72710045F66D /* Debug */,
				0BD34F901954817500460556 /* Logging */,
				FC7A0ED0193E72710045F66D /* Release */,
			);
			defaultConfigurationIsVisible = 0;
			defaultConfigurationName = Release;
		};
		FC7A0ED1193E72710045F66D /* Build configuration list for PBXNativeTarget "Swifter" */ = {
			isa = XCConfigurationList;
			buildConfigurations = (
				FC7A0ED2193E72710045F66D /* Debug */,
				0BD34F911954817500460556 /* Logging */,
				FC7A0ED3193E72710045F66D /* Release */,
			);
			defaultConfigurationIsVisible = 0;
			defaultConfigurationName = Release;
		};
		FC7A0ED4193E72710045F66D /* Build configuration list for PBXNativeTarget "SwifterTests" */ = {
			isa = XCConfigurationList;
			buildConfigurations = (
				FC7A0ED5193E72710045F66D /* Debug */,
				0BD34F921954817500460556 /* Logging */,
				FC7A0ED6193E72710045F66D /* Release */,
			);
			defaultConfigurationIsVisible = 0;
			defaultConfigurationName = Release;
		};
/* End XCConfigurationList section */
	};
	rootObject = FC7A0EB2193E72710045F66D /* Project object */;
}
